
Microsoft Visual Studio Solution File, Format Version 12.00
# Visual Studio Version 17
VisualStudioVersion = 17.0.31903.59
MinimumVisualStudioVersion = 10.0.40219.1
Project("{FAE04EC0-301F-11D3-BF4B-00C04F79EFBC}") = "MovieStoreApi.UnitTests", "MovieStoreApi.UnitTests\MovieStoreApi.UnitTests.csproj", "{77CCF816-9B48-4A50-9AE3-F4E00DD97E9F}"
EndProject
Project("{FAE04EC0-301F-11D3-BF4B-00C04F79EFBC}") = "MovieStoreAPI", "MovieStoreAPI\MovieStoreAPI.csproj", "{ADF96BCD-3449-464D-BCDE-7D0D5C4D0938}"
EndProject
Global
	GlobalSection(SolutionConfigurationPlatforms) = preSolution
		Debug|Any CPU = Debug|Any CPU
		Release|Any CPU = Release|Any CPU
	EndGlobalSection
	GlobalSection(SolutionProperties) = preSolution
		HideSolutionNode = FALSE
	EndGlobalSection
	GlobalSection(ProjectConfigurationPlatforms) = postSolution
		{77CCF816-9B48-4A50-9AE3-F4E00DD97E9F}.Debug|Any CPU.ActiveCfg = Debug|Any CPU
		{77CCF816-9B48-4A50-9AE3-F4E00DD97E9F}.Debug|Any CPU.Build.0 = Debug|Any CPU
		{77CCF816-9B48-4A50-9AE3-F4E00DD97E9F}.Release|Any CPU.ActiveCfg = Release|Any CPU
		{77CCF816-9B48-4A50-9AE3-F4E00DD97E9F}.Release|Any CPU.Build.0 = Release|Any CPU
		{ADF96BCD-3449-464D-BCDE-7D0D5C4D0938}.Debug|Any CPU.ActiveCfg = Debug|Any CPU
		{ADF96BCD-3449-464D-BCDE-7D0D5C4D0938}.Debug|Any CPU.Build.0 = Debug|Any CPU
		{ADF96BCD-3449-464D-BCDE-7D0D5C4D0938}.Release|Any CPU.ActiveCfg = Release|Any CPU
		{ADF96BCD-3449-464D-BCDE-7D0D5C4D0938}.Release|Any CPU.Build.0 = Release|Any CPU
	EndGlobalSection
EndGlobal
